
Microsoft Visual Studio Solution File, Format Version 12.00
# Visual Studio Version 17
VisualStudioVersion = 17.0.32014.148
MinimumVisualStudioVersion = 10.0.40219.1
Project("{FAE04EC0-301F-11D3-BF4B-00C04F79EFBC}") = "Renter", "Renter.csproj", "{09BA7850-EEEB-4ADF-8AE7-A2B72B00D2AA}"
EndProject
Global
	GlobalSection(SolutionConfigurationPlatforms) = preSolution
		Debug|Any CPU = Debug|Any CPU
		Release|Any CPU = Release|Any CPU
	EndGlobalSection
	GlobalSection(ProjectConfigurationPlatforms) = postSolution
		{09BA7850-EEEB-4ADF-8AE7-A2B72B00D2AA}.Debug|Any CPU.ActiveCfg = Debug|Any CPU
		{09BA7850-EEEB-4ADF-8AE7-A2B72B00D2AA}.Debug|Any CPU.Build.0 = Debug|Any CPU
		{09BA7850-EEEB-4ADF-8AE7-A2B72B00D2AA}.Release|Any CPU.ActiveCfg = Release|Any CPU
		{09BA7850-EEEB-4ADF-8AE7-A2B72B00D2AA}.Release|Any CPU.Build.0 = Release|Any CPU
	EndGlobalSection
	GlobalSection(SolutionProperties) = preSolution
		HideSolutionNode = FALSE
	EndGlobalSection
	GlobalSection(ExtensibilityGlobals) = postSolution
		SolutionGuid = {FF565528-5E15-49AB-B1DD-D06995A3454E}
	EndGlobalSection
EndGlobal
